// !$*UTF8*$!
{
	archiveVersion = 1;
	classes = {
	};
	objectVersion = 56;
	objects = {

/* Begin PBXBuildFile section */
		3D91CA212B118F9C0072D756 /* AppDelegate.swift in Sources */ = {isa = PBXBuildFile; fileRef = 3D91CA202B118F9C0072D756 /* AppDelegate.swift */; };
		3D91CA232B118F9C0072D756 /* SceneDelegate.swift in Sources */ = {isa = PBXBuildFile; fileRef = 3D91CA222B118F9C0072D756 /* SceneDelegate.swift */; };
		3D91CA252B118F9C0072D756 /* ViewController.swift in Sources */ = {isa = PBXBuildFile; fileRef = 3D91CA242B118F9C0072D756 /* ViewController.swift */; };
		3D91CA282B118F9C0072D756 /* Main.storyboard in Resources */ = {isa = PBXBuildFile; fileRef = 3D91CA262B118F9C0072D756 /* Main.storyboard */; };
		3D91CA2B2B118F9C0072D756 /* Advanced_Calculator.xcdatamodeld in Sources */ = {isa = PBXBuildFile; fileRef = 3D91CA292B118F9C0072D756 /* Advanced_Calculator.xcdatamodeld */; };
		3D91CA2D2B118FA00072D756 /* Assets.xcassets in Resources */ = {isa = PBXBuildFile; fileRef = 3D91CA2C2B118FA00072D756 /* Assets.xcassets */; };
		3D91CA302B118FA00072D756 /* LaunchScreen.storyboard in Resources */ = {isa = PBXBuildFile; fileRef = 3D91CA2E2B118FA00072D756 /* LaunchScreen.storyboard */; };
		3D91CA382B128A540072D756 /* CalculatorLogic.swift in Sources */ = {isa = PBXBuildFile; fileRef = 3D91CA372B128A530072D756 /* CalculatorLogic.swift */; };
/* End PBXBuildFile section */

/* Begin PBXFileReference section */
		3D91CA1D2B118F9C0072D756 /* Advanced Calculator.app */ = {isa = PBXFileReference; explicitFileType = wrapper.application; includeInIndex = 0; path = "Advanced Calculator.app"; sourceTree = BUILT_PRODUCTS_DIR; };
		3D91CA202B118F9C0072D756 /* AppDelegate.swift */ = {isa = PBXFileReference; lastKnownFileType = sourcecode.swift; path = AppDelegate.swift; sourceTree = "<group>"; };
		3D91CA222B118F9C0072D756 /* SceneDelegate.swift */ = {isa = PBXFileReference; lastKnownFileType = sourcecode.swift; path = SceneDelegate.swift; sourceTree = "<group>"; };
		3D91CA242B118F9C0072D756 /* ViewController.swift */ = {isa = PBXFileReference; lastKnownFileType = sourcecode.swift; path = ViewController.swift; sourceTree = "<group>"; };
		3D91CA272B118F9C0072D756 /* Base */ = {isa = PBXFileReference; lastKnownFileType = file.storyboard; name = Base; path = Base.lproj/Main.storyboard; sourceTree = "<group>"; };
		3D91CA2A2B118F9C0072D756 /* Advanced_Calculator.xcdatamodel */ = {isa = PBXFileReference; lastKnownFileType = wrapper.xcdatamodel; path = Advanced_Calculator.xcdatamodel; sourceTree = "<group>"; };
		3D91CA2C2B118FA00072D756 /* Assets.xcassets */ = {isa = PBXFileReference; lastKnownFileType = folder.assetcatalog; path = Assets.xcassets; sourceTree = "<group>"; };
		3D91CA2F2B118FA00072D756 /* Base */ = {isa = PBXFileReference; lastKnownFileType = file.storyboard; name = Base; path = Base.lproj/LaunchScreen.storyboard; sourceTree = "<group>"; };
		3D91CA312B118FA00072D756 /* Info.plist */ = {isa = PBXFileReference; lastKnownFileType = text.plist.xml; path = Info.plist; sourceTree = "<group>"; };
		3D91CA372B128A530072D756 /* CalculatorLogic.swift */ = {isa = PBXFileReference; lastKnownFileType = sourcecode.swift; path = CalculatorLogic.swift; sourceTree = "<group>"; };
/* End PBXFileReference section */

/* Begin PBXFrameworksBuildPhase section */
		3D91CA1A2B118F9C0072D756 /* Frameworks */ = {
			isa = PBXFrameworksBuildPhase;
			buildActionMask = 2147483647;
			files = (
			);
			runOnlyForDeploymentPostprocessing = 0;
		};
/* End PBXFrameworksBuildPhase section */

/* Begin PBXGroup section */
		3D91CA142B118F9C0072D756 = {
			isa = PBXGroup;
			children = (
				3D91CA1F2B118F9C0072D756 /* Advanced Calculator */,
				3D91CA1E2B118F9C0072D756 /* Products */,
			);
			sourceTree = "<group>";
		};
		3D91CA1E2B118F9C0072D756 /* Products */ = {
			isa = PBXGroup;
			children = (
				3D91CA1D2B118F9C0072D756 /* Advanced Calculator.app */,
			);
			name = Products;
			sourceTree = "<group>";
		};
		3D91CA1F2B118F9C0072D756 /* Advanced Calculator */ = {
			isa = PBXGroup;
			children = (
				3D91CA202B118F9C0072D756 /* AppDelegate.swift */,
				3D91CA222B118F9C0072D756 /* SceneDelegate.swift */,
				3D91CA392B128B7F0072D756 /* Model */,
				3D91CA3B2B128B990072D756 /* View */,
				3D91CA3A2B128B8D0072D756 /* Controller */,
				3D91CA2C2B118FA00072D756 /* Assets.xcassets */,
				3D91CA2E2B118FA00072D756 /* LaunchScreen.storyboard */,
				3D91CA312B118FA00072D756 /* Info.plist */,
				3D91CA292B118F9C0072D756 /* Advanced_Calculator.xcdatamodeld */,
			);
			path = "Advanced Calculator";
			sourceTree = "<group>";
		};
		3D91CA392B128B7F0072D756 /* Model */ = {
			isa = PBXGroup;
			children = (
				3D91CA372B128A530072D756 /* CalculatorLogic.swift */,
			);
			path = Model;
			sourceTree = "<group>";
		};
		3D91CA3A2B128B8D0072D756 /* Controller */ = {
			isa = PBXGroup;
			children = (
				3D91CA242B118F9C0072D756 /* ViewController.swift */,
			);
			path = Controller;
			sourceTree = "<group>";
		};
		3D91CA3B2B128B990072D756 /* View */ = {
			isa = PBXGroup;
			children = (
				3D91CA262B118F9C0072D756 /* Main.storyboard */,
			);
			path = View;
			sourceTree = "<group>";
		};
/* End PBXGroup section */

/* Begin PBXNativeTarget section */
		3D91CA1C2B118F9C0072D756 /* Advanced Calculator */ = {
			isa = PBXNativeTarget;
			buildConfigurationList = 3D91CA342B118FA00072D756 /* Build configuration list for PBXNativeTarget "Advanced Calculator" */;
			buildPhases = (
				3D91CA192B118F9C0072D756 /* Sources */,
				3D91CA1A2B118F9C0072D756 /* Frameworks */,
				3D91CA1B2B118F9C0072D756 /* Resources */,
			);
			buildRules = (
			);
			dependencies = (
			);
			name = "Advanced Calculator";
			productName = "Advanced Calculator";
			productReference = 3D91CA1D2B118F9C0072D756 /* Advanced Calculator.app */;
			productType = "com.apple.product-type.application";
		};
/* End PBXNativeTarget section */

/* Begin PBXProject section */
		3D91CA152B118F9C0072D756 /* Project object */ = {
			isa = PBXProject;
			attributes = {
				BuildIndependentTargetsInParallel = 1;
				LastSwiftUpdateCheck = 1500;
				LastUpgradeCheck = 1500;
				TargetAttributes = {
					3D91CA1C2B118F9C0072D756 = {
						CreatedOnToolsVersion = 15.0.1;
					};
				};
			};
			buildConfigurationList = 3D91CA182B118F9C0072D756 /* Build configuration list for PBXProject "Advanced Calculator" */;
			compatibilityVersion = "Xcode 14.0";
			developmentRegion = en;
			hasScannedForEncodings = 0;
			knownRegions = (
				en,
				Base,
			);
			mainGroup = 3D91CA142B118F9C0072D756;
			productRefGroup = 3D91CA1E2B118F9C0072D756 /* Products */;
			projectDirPath = "";
			projectRoot = "";
			targets = (
				3D91CA1C2B118F9C0072D756 /* Advanced Calculator */,
			);
		};
/* End PBXProject section */

/* Begin PBXResourcesBuildPhase section */
		3D91CA1B2B118F9C0072D756 /* Resources */ = {
			isa = PBXResourcesBuildPhase;
			buildActionMask = 2147483647;
			files = (
				3D91CA302B118FA00072D756 /* LaunchScreen.storyboard in Resources */,
				3D91CA2D2B118FA00072D756 /* Assets.xcassets in Resources */,
				3D91CA282B118F9C0072D756 /* Main.storyboard in Resources */,
			);
			runOnlyForDeploymentPostprocessing = 0;
		};
/* End PBXResourcesBuildPhase section */

/* Begin PBXSourcesBuildPhase section */
		3D91CA192B118F9C0072D756 /* Sources */ = {
			isa = PBXSourcesBuildPhase;
			buildActionMask = 2147483647;
			files = (
				3D91CA252B118F9C0072D756 /* ViewController.swift in Sources */,
				3D91CA212B118F9C0072D756 /* AppDelegate.swift in Sources */,
				3D91CA382B128A540072D756 /* CalculatorLogic.swift in Sources */,
				3D91CA2B2B118F9C0072D756 /* Advanced_Calculator.xcdatamodeld in Sources */,
				3D91CA232B118F9C0072D756 /* SceneDelegate.swift in Sources */,
			);
			runOnlyForDeploymentPostprocessing = 0;
		};
/* End PBXSourcesBuildPhase section */

/* Begin PBXVariantGroup section */
		3D91CA262B118F9C0072D756 /* Main.storyboard */ = {
			isa = PBXVariantGroup;
			children = (
				3D91CA272B118F9C0072D756 /* Base */,
			);
			name = Main.storyboard;
			sourceTree = "<group>";
		};
		3D91CA2E2B118FA00072D756 /* LaunchScreen.storyboard */ = {
			isa = PBXVariantGroup;
			children = (
				3D91CA2F2B118FA00072D756 /* Base */,
			);
			name = LaunchScreen.storyboard;
			sourceTree = "<group>";
		};
/* End PBXVariantGroup section */

/* Begin XCBuildConfiguration section */
		3D91CA322B118FA00072D756 /* Debug */ = {
			isa = XCBuildConfiguration;
			buildSettings = {
				ALWAYS_SEARCH_USER_PATHS = NO;
				ASSETCATALOG_COMPILER_GENERATE_SWIFT_ASSET_SYMBOL_EXTENSIONS = YES;
				CLANG_ANALYZER_NONNULL = YES;
				CLANG_ANALYZER_NUMBER_OBJECT_CONVERSION = YES_AGGRESSIVE;
				CLANG_CXX_LANGUAGE_STANDARD = "gnu++20";
				CLANG_ENABLE_MODULES = YES;
				CLANG_ENABLE_OBJC_ARC = YES;
				CLANG_ENABLE_OBJC_WEAK = YES;
				CLANG_WARN_BLOCK_CAPTURE_AUTORELEASING = YES;
				CLANG_WARN_BOOL_CONVERSION = YES;
				CLANG_WARN_COMMA = YES;
				CLANG_WARN_CONSTANT_CONVERSION = YES;
				CLANG_WARN_DEPRECATED_OBJC_IMPLEMENTATIONS = YES;
				CLANG_WARN_DIRECT_OBJC_ISA_USAGE = YES_ERROR;
				CLANG_WARN_DOCUMENTATION_COMMENTS = YES;
				CLANG_WARN_EMPTY_BODY = YES;
				CLANG_WARN_ENUM_CONVERSION = YES;
				CLANG_WARN_INFINITE_RECURSION = YES;
				CLANG_WARN_INT_CONVERSION = YES;
				CLANG_WARN_NON_LITERAL_NULL_CONVERSION = YES;
				CLANG_WARN_OBJC_IMPLICIT_RETAIN_SELF = YES;
				CLANG_WARN_OBJC_LITERAL_CONVERSION = YES;
				CLANG_WARN_OBJC_ROOT_CLASS = YES_ERROR;
				CLANG_WARN_QUOTED_INCLUDE_IN_FRAMEWORK_HEADER = YES;
				CLANG_WARN_RANGE_LOOP_ANALYSIS = YES;
				CLANG_WARN_STRICT_PROTOTYPES = YES;
				CLANG_WARN_SUSPICIOUS_MOVE = YES;
				CLANG_WARN_UNGUARDED_AVAILABILITY = YES_AGGRESSIVE;
				CLANG_WARN_UNREACHABLE_CODE = YES;
				CLANG_WARN__DUPLICATE_METHOD_MATCH = YES;
				COPY_PHASE_STRIP = NO;
				DEBUG_INFORMATION_FORMAT = dwarf;
				ENABLE_STRICT_OBJC_MSGSEND = YES;
				ENABLE_TESTABILITY = YES;
				ENABLE_USER_SCRIPT_SANDBOXING = YES;
				GCC_C_LANGUAGE_STANDARD = gnu17;
				GCC_DYNAMIC_NO_PIC = NO;
				GCC_NO_COMMON_BLOCKS = YES;
				GCC_OPTIMIZATION_LEVEL = 0;
				GCC_PREPROCESSOR_DEFINITIONS = (
					"DEBUG=1",
					"$(inherited)",
				);
				GCC_WARN_64_TO_32_BIT_CONVERSION = YES;
				GCC_WARN_ABOUT_RETURN_TYPE = YES_ERROR;
				GCC_WARN_UNDECLARED_SELECTOR = YES;
				GCC_WARN_UNINITIALIZED_AUTOS = YES_AGGRESSIVE;
				GCC_WARN_UNUSED_FUNCTION = YES;
				GCC_WARN_UNUSED_VARIABLE = YES;
				IPHONEOS_DEPLOYMENT_TARGET = 17.0;
				LOCALIZATION_PREFERS_STRING_CATALOGS = YES;
				MTL_ENABLE_DEBUG_INFO = INCLUDE_SOURCE;
				MTL_FAST_MATH = YES;
				ONLY_ACTIVE_ARCH = YES;
				SDKROOT = iphoneos;
				SWIFT_ACTIVE_COMPILATION_CONDITIONS = "DEBUG $(inherited)";
				SWIFT_OPTIMIZATION_LEVEL = "-Onone";
			};
			name = Debug;
		};
		3D91CA332B118FA00072D756 /* Release */ = {
			isa = XCBuildConfiguration;
			buildSettings = {
				ALWAYS_SEARCH_USER_PATHS = NO;
				ASSETCATALOG_COMPILER_GENERATE_SWIFT_ASSET_SYMBOL_EXTENSIONS = YES;
				CLANG_ANALYZER_NONNULL = YES;
				CLANG_ANALYZER_NUMBER_OBJECT_CONVERSION = YES_AGGRESSIVE;
				CLANG_CXX_LANGUAGE_STANDARD = "gnu++20";
				CLANG_ENABLE_MODULES = YES;
				CLANG_ENABLE_OBJC_ARC = YES;
				CLANG_ENABLE_OBJC_WEAK = YES;
				CLANG_WARN_BLOCK_CAPTURE_AUTORELEASING = YES;
				CLANG_WARN_BOOL_CONVERSION = YES;
				CLANG_WARN_COMMA = YES;
				CLANG_WARN_CONSTANT_CONVERSION = YES;
				CLANG_WARN_DEPRECATED_OBJC_IMPLEMENTATIONS = YES;
				CLANG_WARN_DIRECT_OBJC_ISA_USAGE = YES_ERROR;
				CLANG_WARN_DOCUMENTATION_COMMENTS = YES;
				CLANG_WARN_EMPTY_BODY = YES;
				CLANG_WARN_ENUM_CONVERSION = YES;
				CLANG_WARN_INFINITE_RECURSION = YES;
				CLANG_WARN_INT_CONVERSION = YES;
				CLANG_WARN_NON_LITERAL_NULL_CONVERSION = YES;
				CLANG_WARN_OBJC_IMPLICIT_RETAIN_SELF = YES;
				CLANG_WARN_OBJC_LITERAL_CONVERSION = YES;
				CLANG_WARN_OBJC_ROOT_CLASS = YES_ERROR;
				CLANG_WARN_QUOTED_INCLUDE_IN_FRAMEWORK_HEADER = YES;
				CLANG_WARN_RANGE_LOOP_ANALYSIS = YES;
				CLANG_WARN_STRICT_PROTOTYPES = YES;
				CLANG_WARN_SUSPICIOUS_MOVE = YES;
				CLANG_WARN_UNGUARDED_AVAILABILITY = YES_AGGRESSIVE;
				CLANG_WARN_UNREACHABLE_CODE = YES;
				CLANG_WARN__DUPLICATE_METHOD_MATCH = YES;
				COPY_PHASE_STRIP = NO;
				DEBUG_INFORMATION_FORMAT = "dwarf-with-dsym";
				ENABLE_NS_ASSERTIONS = NO;
				ENABLE_STRICT_OBJC_MSGSEND = YES;
				ENABLE_USER_SCRIPT_SANDBOXING = YES;
				GCC_C_LANGUAGE_STANDARD = gnu17;
				GCC_NO_COMMON_BLOCKS = YES;
				GCC_WARN_64_TO_32_BIT_CONVERSION = YES;
				GCC_WARN_ABOUT_RETURN_TYPE = YES_ERROR;
				GCC_WARN_UNDECLARED_SELECTOR = YES;
				GCC_WARN_UNINITIALIZED_AUTOS = YES_AGGRESSIVE;
				GCC_WARN_UNUSED_FUNCTION = YES;
				GCC_WARN_UNUSED_VARIABLE = YES;
				IPHONEOS_DEPLOYMENT_TARGET = 17.0;
				LOCALIZATION_PREFERS_STRING_CATALOGS = YES;
				MTL_ENABLE_DEBUG_INFO = NO;
				MTL_FAST_MATH = YES;
				SDKROOT = iphoneos;
				SWIFT_COMPILATION_MODE = wholemodule;
				VALIDATE_PRODUCT = YES;
			};
			name = Release;
		};
		3D91CA352B118FA00072D756 /* Debug */ = {
			isa = XCBuildConfiguration;
			buildSettings = {
				ASSETCATALOG_COMPILER_APPICON_NAME = AppIcon;
				ASSETCATALOG_COMPILER_GLOBAL_ACCENT_COLOR_NAME = AccentColor;
				CODE_SIGN_STYLE = Automatic;
				CURRENT_PROJECT_VERSION = 1;
				DEVELOPMENT_TEAM = 5TVK25RQ2U;
				GENERATE_INFOPLIST_FILE = YES;
				INFOPLIST_FILE = "Advanced Calculator/Info.plist";
				INFOPLIST_KEY_UIApplicationSupportsIndirectInputEvents = YES;
				INFOPLIST_KEY_UILaunchStoryboardName = LaunchScreen;
				INFOPLIST_KEY_UIMainStoryboardFile = Main;
				INFOPLIST_KEY_UISupportedInterfaceOrientations_iPad = "UIInterfaceOrientationPortrait UIInterfaceOrientationPortraitUpsideDown UIInterfaceOrientationLandscapeLeft UIInterfaceOrientationLandscapeRight";
				INFOPLIST_KEY_UISupportedInterfaceOrientations_iPhone = "UIInterfaceOrientationPortrait UIInterfaceOrientationLandscapeLeft UIInterfaceOrientationLandscapeRight";
				LD_RUNPATH_SEARCH_PATHS = (
					"$(inherited)",
					"@executable_path/Frameworks",
				);
				MARKETING_VERSION = 1.0;
				PRODUCT_BUNDLE_IDENTIFIER = "Olasile.Advanced-Calculator";
				PRODUCT_NAME = "$(TARGET_NAME)";
				SWIFT_EMIT_LOC_STRINGS = YES;
				SWIFT_VERSION = 5.0;
				TARGETED_DEVICE_FAMILY = "1,2";
			};
			name = Debug;
		};
		3D91CA362B118FA00072D756 /* Release */ = {
			isa = XCBuildConfiguration;
			buildSettings = {
				ASSETCATALOG_COMPILER_APPICON_NAME = AppIcon;
				ASSETCATALOG_COMPILER_GLOBAL_ACCENT_COLOR_NAME = AccentColor;
				CODE_SIGN_STYLE = Automatic;
				CURRENT_PROJECT_VERSION = 1;
				DEVELOPMENT_TEAM = 5TVK25RQ2U;
				GENERATE_INFOPLIST_FILE = YES;
				INFOPLIST_FILE = "Advanced Calculator/Info.plist";
				INFOPLIST_KEY_UIApplicationSupportsIndirectInputEvents = YES;
				INFOPLIST_KEY_UILaunchStoryboardName = LaunchScreen;
				INFOPLIST_KEY_UIMainStoryboardFile = Main;
				INFOPLIST_KEY_UISupportedInterfaceOrientations_iPad = "UIInterfaceOrientationPortrait UIInterfaceOrientationPortraitUpsideDown UIInterfaceOrientationLandscapeLeft UIInterfaceOrientationLandscapeRight";
				INFOPLIST_KEY_UISupportedInterfaceOrientations_iPhone = "UIInterfaceOrientationPortrait UIInterfaceOrientationLandscapeLeft UIInterfaceOrientationLandscapeRight";
				LD_RUNPATH_SEARCH_PATHS = (
					"$(inherited)",
					"@executable_path/Frameworks",
				);
				MARKETING_VERSION = 1.0;
				PRODUCT_BUNDLE_IDENTIFIER = "Olasile.Advanced-Calculator";
				PRODUCT_NAME = "$(TARGET_NAME)";
				SWIFT_EMIT_LOC_STRINGS = YES;
				SWIFT_VERSION = 5.0;
				TARGETED_DEVICE_FAMILY = "1,2";
			};
			name = Release;
		};
/* End XCBuildConfiguration section */

/* Begin XCConfigurationList section */
		3D91CA182B118F9C0072D756 /* Build configuration list for PBXProject "Advanced Calculator" */ = {
			isa = XCConfigurationList;
			buildConfigurations = (
				3D91CA322B118FA00072D756 /* Debug */,
				3D91CA332B118FA00072D756 /* Release */,
			);
			defaultConfigurationIsVisible = 0;
			defaultConfigurationName = Release;
		};
		3D91CA342B118FA00072D756 /* Build configuration list for PBXNativeTarget "Advanced Calculator" */ = {
			isa = XCConfigurationList;
			buildConfigurations = (
				3D91CA352B118FA00072D756 /* Debug */,
				3D91CA362B118FA00072D756 /* Release */,
			);
			defaultConfigurationIsVisible = 0;
			defaultConfigurationName = Release;
		};
/* End XCConfigurationList section */

/* Begin XCVersionGroup section */
		3D91CA292B118F9C0072D756 /* Advanced_Calculator.xcdatamodeld */ = {
			isa = XCVersionGroup;
			children = (
				3D91CA2A2B118F9C0072D756 /* Advanced_Calculator.xcdatamodel */,
			);
			currentVersion = 3D91CA2A2B118F9C0072D756 /* Advanced_Calculator.xcdatamodel */;
			path = Advanced_Calculator.xcdatamodeld;
			sourceTree = "<group>";
			versionGroupType = wrapper.xcdatamodel;
		};
/* End XCVersionGroup section */
	};
	rootObject = 3D91CA152B118F9C0072D756 /* Project object */;
}
